Microsoft Visual Studio Solution File, Format Version 12.00
# Visual Studio Version 17
VisualStudioVersion = 17.5.2.0
MinimumVisualStudioVersion = 10.0.40219.1
Project("{FAE04EC0-301F-11D3-BF4B-00C04F79EFBC}") = "my-api-project", "my-api-project\my-api-project.csproj", "{585B14E5-9A24-DA24-57FB-B8770F26696E}"
EndProject
Global
	GlobalSection(SolutionConfigurationPlatforms) = preSolution
		Debug|Any CPU = Debug|Any CPU
		Release|Any CPU = Release|Any CPU
	EndGlobalSection
	GlobalSection(ProjectConfigurationPlatforms) = postSolution
		{585B14E5-9A24-DA24-57FB-B8770F26696E}.Debug|Any CPU.ActiveCfg = Debug|Any CPU
		{585B14E5-9A24-DA24-57FB-B8770F26696E}.Debug|Any CPU.Build.0 = Debug|Any CPU
		{585B14E5-9A24-DA24-57FB-B8770F26696E}.Release|Any CPU.ActiveCfg = Release|Any CPU
		{585B14E5-9A24-DA24-57FB-B8770F26696E}.Release|Any CPU.Build.0 = Release|Any CPU
	EndGlobalSection
	GlobalSection(SolutionProperties) = preSolution
		HideSolutionNode = FALSE
	EndGlobalSection
	GlobalSection(ExtensibilityGlobals) = postSolution
		SolutionGuid = {1BD5D549-CED7-4FDD-97C8-8C9C8F428275}
	EndGlobalSection
EndGlobal
